// !$*UTF8*$!
{
	archiveVersion = 1;
	classes = {
	};
	objectVersion = 46;
	objects = {

/* Begin PBXFileReference section */
		960A23C31A912FF200739447 /* tmscore.py */ = {isa = PBXFileReference; fileEncoding = 4; lastKnownFileType = text.script.python; path = tmscore.py; sourceTree = "<group>"; };
		960A23C41A91300E00739447 /* TMscore.jar */ = {isa = PBXFileReference; lastKnownFileType = archive.jar; path = TMscore.jar; sourceTree = "<group>"; };
		961253651A7EC28400231E37 /* permissions.py */ = {isa = PBXFileReference; fileEncoding = 4; lastKnownFileType = text.script.python; path = permissions.py; sourceTree = "<group>"; };
		963ED0201A55A9F7005F0079 /* probsource.py */ = {isa = PBXFileReference; fileEncoding = 4; lastKnownFileType = text.script.python; path = probsource.py; sourceTree = "<group>"; };
		963ED02A1A5610DA005F0079 /* planeregression.py */ = {isa = PBXFileReference; fileEncoding = 4; lastKnownFileType = text.script.python; path = planeregression.py; sourceTree = "<group>"; };
		963ED02D1A576FFF005F0079 /* graphs.py */ = {isa = PBXFileReference; fileEncoding = 4; lastKnownFileType = text.script.python; path = graphs.py; sourceTree = "<group>"; };
		9652F9181A3B0D4B00A37E22 /* pdbanalysis.py */ = {isa = PBXFileReference; fileEncoding = 4; lastKnownFileType = text.script.python; path = pdbanalysis.py; sourceTree = "<group>"; };
		9652F9191A3CAF1500A37E22 /* randomcoil.py */ = {isa = PBXFileReference; fileEncoding = 4; lastKnownFileType = text.script.python; path = randomcoil.py; sourceTree = "<group>"; };
		9652F91A1A3CC30500A37E22 /* distributions.py */ = {isa = PBXFileReference; fileEncoding = 4; lastKnownFileType = text.script.python; path = distributions.py; sourceTree = "<group>"; };
		9652F9221A3DF1F600A37E22 /* ProteinViewer.xcodeproj */ = {isa = PBXFileReference; lastKnownFileType = "wrapper.pb-project"; name = ProteinViewer.xcodeproj; path = ProteinViewer/ProteinViewer.xcodeproj; sourceTree = "<group>"; };
		9652F9291A3E261C00A37E22 /* folding.py */ = {isa = PBXFileReference; fileEncoding = 4; lastKnownFileType = text.script.python; path = folding.py; sourceTree = "<group>"; };
		965383541BE1BD0B0064894B /* charmm.py */ = {isa = PBXFileReference; fileEncoding = 4; lastKnownFileType = text.script.python; path = charmm.py; sourceTree = "<group>"; };
		9655187D1A2B950100775578 /* proteinmath.pyx */ = {isa = PBXFileReference; explicitFileType = text.script.python; fileEncoding = 4; path = proteinmath.pyx; sourceTree = "<group>"; usesTabs = 1; };
		9655187E1A2B97A200775578 /* aminoacids.pyx */ = {isa = PBXFileReference; explicitFileType = text.script.python; fileEncoding = 4; path = aminoacids.pyx; sourceTree = "<group>"; };
		9655187F1A2B9C3E00775578 /* polypeptide.py */ = {isa = PBXFileReference; fileEncoding = 4; lastKnownFileType = text.script.python; path = polypeptide.py; sourceTree = "<group>"; };
		965518801A2BE68500775578 /* pdbstats.py */ = {isa = PBXFileReference; fileEncoding = 4; lastKnownFileType = text.script.python; path = pdbstats.py; sourceTree = "<group>"; };
		96582F4B1C99FB1D00A9FB95 /* decoys.py */ = {isa = PBXFileReference; fileEncoding = 4; lastKnownFileType = text.script.python; path = decoys.py; sourceTree = "<group>"; };
		965845CC1C950539005D1833 /* molecular_systems.py */ = {isa = PBXFileReference; fileEncoding = 4; lastKnownFileType = text.script.python; path = molecular_systems.py; sourceTree = "<group>"; };
		96668AE91C756451009530A2 /* maxwell_scores.py */ = {isa = PBXFileReference; fileEncoding = 4; lastKnownFileType = text.script.python; path = maxwell_scores.py; sourceTree = "<group>"; };
		969A68391C83BA090012D6FF /* setup.py */ = {isa = PBXFileReference; lastKnownFileType = text.script.python; path = setup.py; sourceTree = "<group>"; };
		969D350E1C92E962000889F4 /* goap.py */ = {isa = PBXFileReference; fileEncoding = 4; lastKnownFileType = text.script.python; path = goap.py; sourceTree = "<group>"; };
		96A448A319C3A80200C4991A /* main.py */ = {isa = PBXFileReference; fileEncoding = 4; lastKnownFileType = text.script.python; path = main.py; sourceTree = "<group>"; };
		96B6AF041C8A4A100004B68F /* loading_indicator.py */ = {isa = PBXFileReference; fileEncoding = 4; lastKnownFileType = text.script.python; path = loading_indicator.py; sourceTree = "<group>"; };
		96CA6AB11CA3537D0036E642 /* score.py */ = {isa = PBXFileReference; fileEncoding = 4; lastKnownFileType = text.script.python; path = score.py; sourceTree = "<group>"; };
		96CCF6951C9AF9BF00FA2A7C /* gensparc.py */ = {isa = PBXFileReference; fileEncoding = 4; lastKnownFileType = text.script.python; path = gensparc.py; sourceTree = "<group>"; };
		96D12B411CB5F11A0092B0F2 /* central_distributions.py */ = {isa = PBXFileReference; fileEncoding = 4; lastKnownFileType = text.script.python; path = central_distributions.py; sourceTree = "<group>"; };
		96D2926C1C5B0B5F002E842F /* .gitignore */ = {isa = PBXFileReference; fileEncoding = 4; lastKnownFileType = text; path = .gitignore; sourceTree = "<group>"; };
		96D2926D1C5B124C002E842F /* secondary_structure.py */ = {isa = PBXFileReference; fileEncoding = 4; lastKnownFileType = text.script.python; path = secondary_structure.py; sourceTree = "<group>"; };
		96DBD89A1BE161C500CA76A1 /* sparc_distribution.py */ = {isa = PBXFileReference; fileEncoding = 4; lastKnownFileType = text.script.python; path = sparc_distribution.py; sourceTree = "<group>"; };
		96DE2EF21CA0AE7E000D5DF1 /* validate.py */ = {isa = PBXFileReference; fileEncoding = 4; lastKnownFileType = text.script.python; path = validate.py; sourceTree = "<group>"; };
		96E3E17C1C6D8B2B00A22AF3 /* reference_state.py */ = {isa = PBXFileReference; fileEncoding = 4; lastKnownFileType = text.script.python; path = reference_state.py; sourceTree = "<group>"; };
		96EF9AC61C91C61800897BB5 /* rwplus.py */ = {isa = PBXFileReference; fileEncoding = 4; lastKnownFileType = text.script.python; path = rwplus.py; sourceTree = "<group>"; };
		96FD853E1C797FCF0023C712 /* simulation_daemon.plist */ = {isa = PBXFileReference; fileEncoding = 4; lastKnownFileType = text.plist.xml; path = simulation_daemon.plist; sourceTree = "<group>"; };
/* End PBXFileReference section */

/* Begin PBXGroup section */
		963ED0221A55AB97005F0079 /* Simulation Tools */ = {
			isa = PBXGroup;
			children = (
				963ED0201A55A9F7005F0079 /* probsource.py */,
				9652F91A1A3CC30500A37E22 /* distributions.py */,
				96DBD89A1BE161C500CA76A1 /* sparc_distribution.py */,
				96D12B411CB5F11A0092B0F2 /* central_distributions.py */,
				96B6AF041C8A4A100004B68F /* loading_indicator.py */,
				96E3E17C1C6D8B2B00A22AF3 /* reference_state.py */,
				961253651A7EC28400231E37 /* permissions.py */,
				9652F9191A3CAF1500A37E22 /* randomcoil.py */,
			);
			name = "Simulation Tools";
			sourceTree = "<group>";
		};
		963ED0231A55ABA4005F0079 /* Model Objects */ = {
			isa = PBXGroup;
			children = (
				9655187E1A2B97A200775578 /* aminoacids.pyx */,
				9655187F1A2B9C3E00775578 /* polypeptide.py */,
				96D2926D1C5B124C002E842F /* secondary_structure.py */,
				965845CC1C950539005D1833 /* molecular_systems.py */,
			);
			name = "Model Objects";
			sourceTree = "<group>";
		};
		963ED0241A55ABB2005F0079 /* Data Analysis */ = {
			isa = PBXGroup;
			children = (
				965518801A2BE68500775578 /* pdbstats.py */,
				9652F9181A3B0D4B00A37E22 /* pdbanalysis.py */,
				965383541BE1BD0B0064894B /* charmm.py */,
				963ED02A1A5610DA005F0079 /* planeregression.py */,
				963ED02D1A576FFF005F0079 /* graphs.py */,
				960A23C31A912FF200739447 /* tmscore.py */,
				96668AE91C756451009530A2 /* maxwell_scores.py */,
				96EF9AC61C91C61800897BB5 /* rwplus.py */,
				969D350E1C92E962000889F4 /* goap.py */,
				960A23C41A91300E00739447 /* TMscore.jar */,
			);
			name = "Data Analysis";
			sourceTree = "<group>";
		};
		9652F9231A3DF1F600A37E22 /* Products */ = {
			isa = PBXGroup;
			children = (
			);
			name = Products;
			sourceTree = "<group>";
		};
		96A4489819C3A7B800C4991A = {
			isa = PBXGroup;
			children = (
				9652F9221A3DF1F600A37E22 /* ProteinViewer.xcodeproj */,
				96A448A319C3A80200C4991A /* main.py */,
				96582F4B1C99FB1D00A9FB95 /* decoys.py */,
				96CCF6951C9AF9BF00FA2A7C /* gensparc.py */,
				9652F9291A3E261C00A37E22 /* folding.py */,
				96DE2EF21CA0AE7E000D5DF1 /* validate.py */,
				96CA6AB11CA3537D0036E642 /* score.py */,
				96FD853E1C797FCF0023C712 /* simulation_daemon.plist */,
				9655187D1A2B950100775578 /* proteinmath.pyx */,
				969A68391C83BA090012D6FF /* setup.py */,
				96D2926C1C5B0B5F002E842F /* .gitignore */,
				963ED0231A55ABA4005F0079 /* Model Objects */,
				963ED0221A55AB97005F0079 /* Simulation Tools */,
				963ED0241A55ABB2005F0079 /* Data Analysis */,
			);
			sourceTree = "<group>";
		};
/* End PBXGroup section */

/* Begin PBXLegacyTarget section */
		96A4489D19C3A7B800C4991A /* PythonProteins */ = {
			isa = PBXLegacyTarget;
			buildArgumentsString = "$(ACTION)";
			buildConfigurationList = 96A448A019C3A7B800C4991A /* Build configuration list for PBXLegacyTarget "PythonProteins" */;
			buildPhases = (
			);
			buildToolPath = /usr/bin/python;
			dependencies = (
			);
			name = PythonProteins;
			passBuildSettingsInEnvironment = 1;
			productName = PythonProteins;
		};
/* End PBXLegacyTarget section */

/* Begin PBXProject section */
		96A4489919C3A7B800C4991A /* Project object */ = {
			isa = PBXProject;
			attributes = {
				LastUpgradeCheck = 0510;
				ORGANIZATIONNAME = "Venkatesh Sivaraman";
			};
			buildConfigurationList = 96A4489C19C3A7B800C4991A /* Build configuration list for PBXProject "PythonProteins" */;
			compatibilityVersion = "Xcode 3.2";
			developmentRegion = English;
			hasScannedForEncodings = 0;
			knownRegions = (
				en,
			);
			mainGroup = 96A4489819C3A7B800C4991A;
			projectDirPath = "";
			projectReferences = (
				{
					ProductGroup = 9652F9231A3DF1F600A37E22 /* Products */;
					ProjectRef = 9652F9221A3DF1F600A37E22 /* ProteinViewer.xcodeproj */;
				},
			);
			projectRoot = "";
			targets = (
				96A4489D19C3A7B800C4991A /* PythonProteins */,
			);
		};
/* End PBXProject section */

/* Begin XCBuildConfiguration section */
		96A4489E19C3A7B800C4991A /* Debug */ = {
			isa = XCBuildConfiguration;
			buildSettings = {
				ALWAYS_SEARCH_USER_PATHS = NO;
				CLANG_CXX_LANGUAGE_STANDARD = "gnu++0x";
				CLANG_CXX_LIBRARY = "libc++";
				CLANG_ENABLE_MODULES = YES;
				CLANG_ENABLE_OBJC_ARC = YES;
				CLANG_WARN_BOOL_CONVERSION = YES;
				CLANG_WARN_CONSTANT_CONVERSION = YES;
				CLANG_WARN_DIRECT_OBJC_ISA_USAGE = YES_ERROR;
				CLANG_WARN_EMPTY_BODY = YES;
				CLANG_WARN_ENUM_CONVERSION = YES;
				CLANG_WARN_INT_CONVERSION = YES;
				CLANG_WARN_OBJC_ROOT_CLASS = YES_ERROR;
				CLANG_WARN__DUPLICATE_METHOD_MATCH = YES;
				COPY_PHASE_STRIP = NO;
				GCC_C_LANGUAGE_STANDARD = gnu99;
				GCC_DYNAMIC_NO_PIC = NO;
				GCC_ENABLE_OBJC_EXCEPTIONS = YES;
				GCC_OPTIMIZATION_LEVEL = 0;
				GCC_PREPROCESSOR_DEFINITIONS = (
					"DEBUG=1",
					"$(inherited)",
				);
				GCC_SYMBOLS_PRIVATE_EXTERN = NO;
				GCC_WARN_64_TO_32_BIT_CONVERSION = YES;
				GCC_WARN_ABOUT_RETURN_TYPE = YES_ERROR;
				GCC_WARN_UNDECLARED_SELECTOR = YES;
				GCC_WARN_UNINITIALIZED_AUTOS = YES_AGGRESSIVE;
				GCC_WARN_UNUSED_FUNCTION = YES;
				GCC_WARN_UNUSED_VARIABLE = YES;
				MACOSX_DEPLOYMENT_TARGET = 10.9;
				ONLY_ACTIVE_ARCH = YES;
				SDKROOT = macosx;
			};
			name = Debug;
		};
		96A4489F19C3A7B800C4991A /* Release */ = {
			isa = XCBuildConfiguration;
			buildSettings = {
				ALWAYS_SEARCH_USER_PATHS = NO;
				CLANG_CXX_LANGUAGE_STANDARD = "gnu++0x";
				CLANG_CXX_LIBRARY = "libc++";
				CLANG_ENABLE_MODULES = YES;
				CLANG_ENABLE_OBJC_ARC = YES;
				CLANG_WARN_BOOL_CONVERSION = YES;
				CLANG_WARN_CONSTANT_CONVERSION = YES;
				CLANG_WARN_DIRECT_OBJC_ISA_USAGE = YES_ERROR;
				CLANG_WARN_EMPTY_BODY = YES;
				CLANG_WARN_ENUM_CONVERSION = YES;
				CLANG_WARN_INT_CONVERSION = YES;
				CLANG_WARN_OBJC_ROOT_CLASS = YES_ERROR;
				CLANG_WARN__DUPLICATE_METHOD_MATCH = YES;
				COPY_PHASE_STRIP = YES;
				DEBUG_INFORMATION_FORMAT = "dwarf-with-dsym";
				ENABLE_NS_ASSERTIONS = NO;
				GCC_C_LANGUAGE_STANDARD = gnu99;
				GCC_ENABLE_OBJC_EXCEPTIONS = YES;
				GCC_WARN_64_TO_32_BIT_CONVERSION = YES;
				GCC_WARN_ABOUT_RETURN_TYPE = YES_ERROR;
				GCC_WARN_UNDECLARED_SELECTOR = YES;
				GCC_WARN_UNINITIALIZED_AUTOS = YES_AGGRESSIVE;
				GCC_WARN_UNUSED_FUNCTION = YES;
				GCC_WARN_UNUSED_VARIABLE = YES;
				MACOSX_DEPLOYMENT_TARGET = 10.9;
				SDKROOT = macosx;
			};
			name = Release;
		};
		96A448A119C3A7B800C4991A /* Debug */ = {
			isa = XCBuildConfiguration;
			buildSettings = {
				DEBUGGING_SYMBOLS = YES;
				GCC_GENERATE_DEBUGGING_SYMBOLS = YES;
				GCC_OPTIMIZATION_LEVEL = 0;
				OTHER_CFLAGS = "";
				OTHER_LDFLAGS = "";
				PRODUCT_NAME = "$(TARGET_NAME)";
			};
			name = Debug;
		};
		96A448A219C3A7B800C4991A /* Release */ = {
			isa = XCBuildConfiguration;
			buildSettings = {
				OTHER_CFLAGS = "";
				OTHER_LDFLAGS = "";
				PRODUCT_NAME = "$(TARGET_NAME)";
			};
			name = Release;
		};
/* End XCBuildConfiguration section */

/* Begin XCConfigurationList section */
		96A4489C19C3A7B800C4991A /* Build configuration list for PBXProject "PythonProteins" */ = {
			isa = XCConfigurationList;
			buildConfigurations = (
				96A4489E19C3A7B800C4991A /* Debug */,
				96A4489F19C3A7B800C4991A /* Release */,
			);
			defaultConfigurationIsVisible = 0;
			defaultConfigurationName = Release;
		};
		96A448A019C3A7B800C4991A /* Build configuration list for PBXLegacyTarget "PythonProteins" */ = {
			isa = XCConfigurationList;
			buildConfigurations = (
				96A448A119C3A7B800C4991A /* Debug */,
				96A448A219C3A7B800C4991A /* Release */,
			);
			defaultConfigurationIsVisible = 0;
			defaultConfigurationName = Release;
		};
/* End XCConfigurationList section */
	};
	rootObject = 96A4489919C3A7B800C4991A /* Project object */;
}
