// !$*UTF8*$!
{
	archiveVersion = 1;
	classes = {
	};
	objectVersion = 46;
	objects = {

/* Begin PBXFileReference section */
		961253551A6D623500231E37 /* js */ = {isa = PBXFileReference; lastKnownFileType = folder; path = js; sourceTree = "<group>"; };
		961253561A6D62E200231E37 /* JSmol.GLmol.min.js */ = {isa = PBXFileReference; lastKnownFileType = sourcecode.javascript; path = JSmol.GLmol.min.js; sourceTree = "<group>"; };
		961253611A72E21800231E37 /* randomcoil.xyz */ = {isa = PBXFileReference; lastKnownFileType = text; path = randomcoil.xyz; sourceTree = "<group>"; };
		963ED0251A55C2D3005F0079 /* Jmol_test.html */ = {isa = PBXFileReference; lastKnownFileType = text.html; path = Jmol_test.html; sourceTree = "<group>"; };
		963ED0261A55C5F9005F0079 /* j2s */ = {isa = PBXFileReference; lastKnownFileType = folder; path = j2s; sourceTree = "<group>"; };
		963ED0271A55C5F9005F0079 /* JSmol.min.js */ = {isa = PBXFileReference; lastKnownFileType = sourcecode.javascript; path = JSmol.min.js; sourceTree = "<group>"; };
		963ED0281A55C8FE005F0079 /* 1BUW.pdb */ = {isa = PBXFileReference; lastKnownFileType = text; path = 1BUW.pdb; sourceTree = "<group>"; };
		963ED0291A55CB14005F0079 /* polymer.xyz */ = {isa = PBXFileReference; lastKnownFileType = text; path = polymer.xyz; sourceTree = "<group>"; };
		96431EBB1A995B2500ECDCB8 /* 2MDB.pdb */ = {isa = PBXFileReference; lastKnownFileType = text; path = 2MDB.pdb; sourceTree = "<group>"; };
		9652F9251A3DF24700A37E22 /* test.html */ = {isa = PBXFileReference; lastKnownFileType = text.html; path = test.html; sourceTree = "<group>"; wrapsLines = 0; };
		9652F9261A3DF26600A37E22 /* ChemDoodleWeb.css */ = {isa = PBXFileReference; lastKnownFileType = text.css; path = ChemDoodleWeb.css; sourceTree = "<group>"; };
		9652F9271A3DF26600A37E22 /* ChemDoodleWeb.js */ = {isa = PBXFileReference; lastKnownFileType = sourcecode.javascript; path = ChemDoodleWeb.js; sourceTree = "<group>"; };
		9652F9281A3DF4EE00A37E22 /* 4CA6.pdb */ = {isa = PBXFileReference; lastKnownFileType = text; path = 4CA6.pdb; sourceTree = "<group>"; };
		966E5A1F1BE8F03400A2A1C2 /* prot.pdb */ = {isa = PBXFileReference; lastKnownFileType = text; path = prot.pdb; sourceTree = "<group>"; };
		966E5A201BE8F15E00A2A1C2 /* 1DUM.pdb */ = {isa = PBXFileReference; lastKnownFileType = text; path = 1DUM.pdb; sourceTree = "<group>"; };
		9671D90F1A8FF41800592E3C /* php */ = {isa = PBXFileReference; lastKnownFileType = folder; path = php; sourceTree = "<group>"; };
		9695B87A1C4DCD4200E41AF0 /* simulation_from_native.pdb */ = {isa = PBXFileReference; lastKnownFileType = text; path = simulation_from_native.pdb; sourceTree = "<group>"; };
		96996E281BF3C9F60056B125 /* simulation.pdb */ = {isa = PBXFileReference; lastKnownFileType = text; path = simulation.pdb; sourceTree = "<group>"; };
		96A0249B1A8ACCFA00CBCAFC /* temp_structure.xyz */ = {isa = PBXFileReference; lastKnownFileType = text; path = temp_structure.xyz; sourceTree = "<group>"; };
		96BAD10F1A97A9DB00589957 /* 1dcjA_.pdb */ = {isa = PBXFileReference; lastKnownFileType = text; path = 1dcjA_.pdb; sourceTree = "<group>"; };
		96BAD1101A97AC4C00589957 /* animated_sim.pdb */ = {isa = PBXFileReference; lastKnownFileType = text; path = animated_sim.pdb; sourceTree = "<group>"; };
		96BAD1111A97B0EE00589957 /* 4CG3.pdb */ = {isa = PBXFileReference; lastKnownFileType = text; path = 4CG3.pdb; sourceTree = "<group>"; };
		96BD55561BF36E5E00408E4F /* 1QLQ.pdb */ = {isa = PBXFileReference; lastKnownFileType = text; path = 1QLQ.pdb; sourceTree = "<group>"; };
		96D5369D1A926669000F5C86 /* 3WAZ.pdb */ = {isa = PBXFileReference; lastKnownFileType = text; path = 3WAZ.pdb; sourceTree = "<group>"; };
		96D5369E1A92C990000F5C86 /* 2HIU.pdb */ = {isa = PBXFileReference; lastKnownFileType = text; path = 2HIU.pdb; sourceTree = "<group>"; };
/* End PBXFileReference section */

/* Begin PBXGroup section */
		9652F91B1A3DF1F600A37E22 = {
			isa = PBXGroup;
			children = (
				9652F9261A3DF26600A37E22 /* ChemDoodleWeb.css */,
				9652F9271A3DF26600A37E22 /* ChemDoodleWeb.js */,
				9652F9251A3DF24700A37E22 /* test.html */,
				963ED0251A55C2D3005F0079 /* Jmol_test.html */,
				961253551A6D623500231E37 /* js */,
				963ED0261A55C5F9005F0079 /* j2s */,
				9671D90F1A8FF41800592E3C /* php */,
				963ED0271A55C5F9005F0079 /* JSmol.min.js */,
				961253561A6D62E200231E37 /* JSmol.GLmol.min.js */,
				9652F9281A3DF4EE00A37E22 /* 4CA6.pdb */,
				963ED0281A55C8FE005F0079 /* 1BUW.pdb */,
				96D5369D1A926669000F5C86 /* 3WAZ.pdb */,
				96D5369E1A92C990000F5C86 /* 2HIU.pdb */,
				96BAD10F1A97A9DB00589957 /* 1dcjA_.pdb */,
				966E5A1F1BE8F03400A2A1C2 /* prot.pdb */,
				966E5A201BE8F15E00A2A1C2 /* 1DUM.pdb */,
				96BAD1111A97B0EE00589957 /* 4CG3.pdb */,
				96431EBB1A995B2500ECDCB8 /* 2MDB.pdb */,
				963ED0291A55CB14005F0079 /* polymer.xyz */,
				96BD55561BF36E5E00408E4F /* 1QLQ.pdb */,
				96996E281BF3C9F60056B125 /* simulation.pdb */,
				96BAD1101A97AC4C00589957 /* animated_sim.pdb */,
				9695B87A1C4DCD4200E41AF0 /* simulation_from_native.pdb */,
				961253611A72E21800231E37 /* randomcoil.xyz */,
				96A0249B1A8ACCFA00CBCAFC /* temp_structure.xyz */,
			);
			sourceTree = "<group>";
		};
/* End PBXGroup section */

/* Begin PBXProject section */
		9652F91C1A3DF1F600A37E22 /* Project object */ = {
			isa = PBXProject;
			attributes = {
				LastUpgradeCheck = 0610;
			};
			buildConfigurationList = 9652F91F1A3DF1F600A37E22 /* Build configuration list for PBXProject "ProteinViewer" */;
			compatibilityVersion = "Xcode 3.2";
			developmentRegion = English;
			hasScannedForEncodings = 0;
			knownRegions = (
				en,
			);
			mainGroup = 9652F91B1A3DF1F600A37E22;
			projectDirPath = "";
			projectRoot = "";
			targets = (
			);
		};
/* End PBXProject section */

/* Begin XCBuildConfiguration section */
		9652F9201A3DF1F600A37E22 /* Debug */ = {
			isa = XCBuildConfiguration;
			buildSettings = {
			};
			name = Debug;
		};
		9652F9211A3DF1F600A37E22 /* Release */ = {
			isa = XCBuildConfiguration;
			buildSettings = {
			};
			name = Release;
		};
/* End XCBuildConfiguration section */

/* Begin XCConfigurationList section */
		9652F91F1A3DF1F600A37E22 /* Build configuration list for PBXProject "ProteinViewer" */ = {
			isa = XCConfigurationList;
			buildConfigurations = (
				9652F9201A3DF1F600A37E22 /* Debug */,
				9652F9211A3DF1F600A37E22 /* Release */,
			);
			defaultConfigurationIsVisible = 0;
			defaultConfigurationName = Release;
		};
/* End XCConfigurationList section */
	};
	rootObject = 9652F91C1A3DF1F600A37E22 /* Project object */;
}
